// !$*UTF8*$!
{
	archiveVersion = 1;
	classes = {
	};
	objectVersion = 46;
	objects = {

/* Begin PBXBuildFile section */
		B0F53C6518F501C40028C4C6 /* Foundation.framework in Frameworks */ = {isa = PBXBuildFile; fileRef = B0F53C6418F501C40028C4C6 /* Foundation.framework */; };
		B0F53C6718F501C40028C4C6 /* CoreGraphics.framework in Frameworks */ = {isa = PBXBuildFile; fileRef = B0F53C6618F501C40028C4C6 /* CoreGraphics.framework */; };
		B0F53C6918F501C40028C4C6 /* UIKit.framework in Frameworks */ = {isa = PBXBuildFile; fileRef = B0F53C6818F501C40028C4C6 /* UIKit.framework */; };
		B0F53C6F18F501C40028C4C6 /* InfoPlist.strings in Resources */ = {isa = PBXBuildFile; fileRef = B0F53C6D18F501C40028C4C6 /* InfoPlist.strings */; };
		B0F53C7118F501C40028C4C6 /* main.m in Sources */ = {isa = PBXBuildFile; fileRef = B0F53C7018F501C40028C4C6 /* main.m */; };
		B0F53C7518F501C40028C4C6 /* AppDelegate.m in Sources */ = {isa = PBXBuildFile; fileRef = B0F53C7418F501C40028C4C6 /* AppDelegate.m */; };
		B0F53C7818F501C40028C4C6 /* Main.storyboard in Resources */ = {isa = PBXBuildFile; fileRef = B0F53C7618F501C40028C4C6 /* Main.storyboard */; };
		B0F53C7B18F501C40028C4C6 /* ViewController.m in Sources */ = {isa = PBXBuildFile; fileRef = B0F53C7A18F501C40028C4C6 /* ViewController.m */; };
		B0F53C7D18F501C40028C4C6 /* Images.xcassets in Resources */ = {isa = PBXBuildFile; fileRef = B0F53C7C18F501C40028C4C6 /* Images.xcassets */; };
		B0F53C8418F501C40028C4C6 /* XCTest.framework in Frameworks */ = {isa = PBXBuildFile; fileRef = B0F53C8318F501C40028C4C6 /* XCTest.framework */; };
		B0F53C8518F501C40028C4C6 /* Foundation.framework in Frameworks */ = {isa = PBXBuildFile; fileRef = B0F53C6418F501C40028C4C6 /* Foundation.framework */; };
		B0F53C8618F501C40028C4C6 /* UIKit.framework in Frameworks */ = {isa = PBXBuildFile; fileRef = B0F53C6818F501C40028C4C6 /* UIKit.framework */; };
		B0F53C8E18F501C40028C4C6 /* InfoPlist.strings in Resources */ = {isa = PBXBuildFile; fileRef = B0F53C8C18F501C40028C4C6 /* InfoPlist.strings */; };
		B0F53C9018F501C40028C4C6 /* MYTableViewManagerTests.m in Sources */ = {isa = PBXBuildFile; fileRef = B0F53C8F18F501C40028C4C6 /* MYTableViewManagerTests.m */; };
/* End PBXBuildFile section */

/* Begin PBXContainerItemProxy section */
		B0F53C8718F501C40028C4C6 /* PBXContainerItemProxy */ = {
			isa = PBXContainerItemProxy;
			containerPortal = B0F53C5918F501C40028C4C6 /* Project object */;
			proxyType = 1;
			remoteGlobalIDString = B0F53C6018F501C40028C4C6;
			remoteInfo = MYTableViewManager;
		};
/* End PBXContainerItemProxy section */

/* Begin PBXFileReference section */
		B0F53C6118F501C40028C4C6 /* MYTableViewManager.app */ = {isa = PBXFileReference; explicitFileType = wrapper.application; includeInIndex = 0; path = MYTableViewManager.app; sourceTree = BUILT_PRODUCTS_DIR; };
		B0F53C6418F501C40028C4C6 /* Foundation.framework */ = {isa = PBXFileReference; lastKnownFileType = wrapper.framework; name = Foundation.framework; path = System/Library/Frameworks/Foundation.framework; sourceTree = SDKROOT; };
		B0F53C6618F501C40028C4C6 /* CoreGraphics.framework */ = {isa = PBXFileReference; lastKnownFileType = wrapper.framework; name = CoreGraphics.framework; path = System/Library/Frameworks/CoreGraphics.framework; sourceTree = SDKROOT; };
		B0F53C6818F501C40028C4C6 /* UIKit.framework */ = {isa = PBXFileReference; lastKnownFileType = wrapper.framework; name = UIKit.framework; path = System/Library/Frameworks/UIKit.framework; sourceTree = SDKROOT; };
		B0F53C6C18F501C40028C4C6 /* MYTableViewManager-Info.plist */ = {isa = PBXFileReference; lastKnownFileType = text.plist.xml; path = "MYTableViewManager-Info.plist"; sourceTree = "<group>"; };
		B0F53C6E18F501C40028C4C6 /* en */ = {isa = PBXFileReference; lastKnownFileType = text.plist.strings; name = en; path = en.lproj/InfoPlist.strings; sourceTree = "<group>"; };
		B0F53C7018F501C40028C4C6 /* main.m */ = {isa = PBXFileReference; lastKnownFileType = sourcecode.c.objc; path = main.m; sourceTree = "<group>"; };
		B0F53C7218F501C40028C4C6 /* MYTableViewManager-Prefix.pch */ = {isa = PBXFileReference; lastKnownFileType = sourcecode.c.h; path = "MYTableViewManager-Prefix.pch"; sourceTree = "<group>"; };
		B0F53C7318F501C40028C4C6 /* AppDelegate.h */ = {isa = PBXFileReference; lastKnownFileType = sourcecode.c.h; path = AppDelegate.h; sourceTree = "<group>"; };
		B0F53C7418F501C40028C4C6 /* AppDelegate.m */ = {isa = PBXFileReference; lastKnownFileType = sourcecode.c.objc; path = AppDelegate.m; sourceTree = "<group>"; };
		B0F53C7718F501C40028C4C6 /* Base */ = {isa = PBXFileReference; lastKnownFileType = file.storyboard; name = Base; path = Base.lproj/Main.storyboard; sourceTree = "<group>"; };
		B0F53C7918F501C40028C4C6 /* ViewController.h */ = {isa = PBXFileReference; lastKnownFileType = sourcecode.c.h; path = ViewController.h; sourceTree = "<group>"; };
		B0F53C7A18F501C40028C4C6 /* ViewController.m */ = {isa = PBXFileReference; lastKnownFileType = sourcecode.c.objc; path = ViewController.m; sourceTree = "<group>"; };
		B0F53C7C18F501C40028C4C6 /* Images.xcassets */ = {isa = PBXFileReference; lastKnownFileType = folder.assetcatalog; path = Images.xcassets; sourceTree = "<group>"; };
		B0F53C8218F501C40028C4C6 /* MYTableViewManagerTests.xctest */ = {isa = PBXFileReference; explicitFileType = wrapper.cfbundle; includeInIndex = 0; path = MYTableViewManagerTests.xctest; sourceTree = BUILT_PRODUCTS_DIR; };
		B0F53C8318F501C40028C4C6 /* XCTest.framework */ = {isa = PBXFileReference; lastKnownFileType = wrapper.framework; name = XCTest.framework; path = Library/Frameworks/XCTest.framework; sourceTree = DEVELOPER_DIR; };
		B0F53C8B18F501C40028C4C6 /* MYTableViewManagerTests-Info.plist */ = {isa = PBXFileReference; lastKnownFileType = text.plist.xml; path = "MYTableViewManagerTests-Info.plist"; sourceTree = "<group>"; };
		B0F53C8D18F501C40028C4C6 /* en */ = {isa = PBXFileReference; lastKnownFileType = text.plist.strings; name = en; path = en.lproj/InfoPlist.strings; sourceTree = "<group>"; };
		B0F53C8F18F501C40028C4C6 /* MYTableViewManagerTests.m */ = {isa = PBXFileReference; lastKnownFileType = sourcecode.c.objc; path = MYTableViewManagerTests.m; sourceTree = "<group>"; };
/* End PBXFileReference section */

/* Begin PBXFrameworksBuildPhase section */
		B0F53C5E18F501C40028C4C6 /* Frameworks */ = {
			isa = PBXFrameworksBuildPhase;
			buildActionMask = 2147483647;
			files = (
				B0F53C6718F501C40028C4C6 /* CoreGraphics.framework in Frameworks */,
				B0F53C6918F501C40028C4C6 /* UIKit.framework in Frameworks */,
				B0F53C6518F501C40028C4C6 /* Foundation.framework in Frameworks */,
			);
			runOnlyForDeploymentPostprocessing = 0;
		};
		B0F53C7F18F501C40028C4C6 /* Frameworks */ = {
			isa = PBXFrameworksBuildPhase;
			buildActionMask = 2147483647;
			files = (
				B0F53C8418F501C40028C4C6 /* XCTest.framework in Frameworks */,
				B0F53C8618F501C40028C4C6 /* UIKit.framework in Frameworks */,
				B0F53C8518F501C40028C4C6 /* Foundation.framework in Frameworks */,
			);
			runOnlyForDeploymentPostprocessing = 0;
		};
/* End PBXFrameworksBuildPhase section */

/* Begin PBXGroup section */
		B0F53C5818F501C40028C4C6 = {
			isa = PBXGroup;
			children = (
				B0F53C6A18F501C40028C4C6 /* MYTableViewManager */,
				B0F53C8918F501C40028C4C6 /* MYTableViewManagerTests */,
				B0F53C6318F501C40028C4C6 /* Frameworks */,
				B0F53C6218F501C40028C4C6 /* Products */,
			);
			sourceTree = "<group>";
		};
		B0F53C6218F501C40028C4C6 /* Products */ = {
			isa = PBXGroup;
			children = (
				B0F53C6118F501C40028C4C6 /* MYTableViewManager.app */,
				B0F53C8218F501C40028C4C6 /* MYTableViewManagerTests.xctest */,
			);
			name = Products;
			sourceTree = "<group>";
		};
		B0F53C6318F501C40028C4C6 /* Frameworks */ = {
			isa = PBXGroup;
			children = (
				B0F53C6418F501C40028C4C6 /* Foundation.framework */,
				B0F53C6618F501C40028C4C6 /* CoreGraphics.framework */,
				B0F53C6818F501C40028C4C6 /* UIKit.framework */,
				B0F53C8318F501C40028C4C6 /* XCTest.framework */,
			);
			name = Frameworks;
			sourceTree = "<group>";
		};
		B0F53C6A18F501C40028C4C6 /* MYTableViewManager */ = {
			isa = PBXGroup;
			children = (
				B0F53C7318F501C40028C4C6 /* AppDelegate.h */,
				B0F53C7418F501C40028C4C6 /* AppDelegate.m */,
				B0F53C7618F501C40028C4C6 /* Main.storyboard */,
				B0F53C7918F501C40028C4C6 /* ViewController.h */,
				B0F53C7A18F501C40028C4C6 /* ViewController.m */,
				B0F53C7C18F501C40028C4C6 /* Images.xcassets */,
				B0F53C6B18F501C40028C4C6 /* Supporting Files */,
			);
			path = MYTableViewManager;
			sourceTree = "<group>";
		};
		B0F53C6B18F501C40028C4C6 /* Supporting Files */ = {
			isa = PBXGroup;
			children = (
				B0F53C6C18F501C40028C4C6 /* MYTableViewManager-Info.plist */,
				B0F53C6D18F501C40028C4C6 /* InfoPlist.strings */,
				B0F53C7018F501C40028C4C6 /* main.m */,
				B0F53C7218F501C40028C4C6 /* MYTableViewManager-Prefix.pch */,
			);
			name = "Supporting Files";
			sourceTree = "<group>";
		};
		B0F53C8918F501C40028C4C6 /* MYTableViewManagerTests */ = {
			isa = PBXGroup;
			children = (
				B0F53C8F18F501C40028C4C6 /* MYTableViewManagerTests.m */,
				B0F53C8A18F501C40028C4C6 /* Supporting Files */,
			);
			path = MYTableViewManagerTests;
			sourceTree = "<group>";
		};
		B0F53C8A18F501C40028C4C6 /* Supporting Files */ = {
			isa = PBXGroup;
			children = (
				B0F53C8B18F501C40028C4C6 /* MYTableViewManagerTests-Info.plist */,
				B0F53C8C18F501C40028C4C6 /* InfoPlist.strings */,
			);
			name = "Supporting Files";
			sourceTree = "<group>";
		};
/* End PBXGroup section */

/* Begin PBXNativeTarget section */
		B0F53C6018F501C40028C4C6 /* MYTableViewManager */ = {
			isa = PBXNativeTarget;
			buildConfigurationList = B0F53C9318F501C40028C4C6 /* Build configuration list for PBXNativeTarget "MYTableViewManager" */;
			buildPhases = (
				B0F53C5D18F501C40028C4C6 /* Sources */,
				B0F53C5E18F501C40028C4C6 /* Frameworks */,
				B0F53C5F18F501C40028C4C6 /* Resources */,
			);
			buildRules = (
			);
			dependencies = (
			);
			name = MYTableViewManager;
			productName = MYTableViewManager;
			productReference = B0F53C6118F501C40028C4C6 /* MYTableViewManager.app */;
			productType = "com.apple.product-type.application";
		};
		B0F53C8118F501C40028C4C6 /* MYTableViewManagerTests */ = {
			isa = PBXNativeTarget;
			buildConfigurationList = B0F53C9618F501C40028C4C6 /* Build configuration list for PBXNativeTarget "MYTableViewManagerTests" */;
			buildPhases = (
				B0F53C7E18F501C40028C4C6 /* Sources */,
				B0F53C7F18F501C40028C4C6 /* Frameworks */,
				B0F53C8018F501C40028C4C6 /* Resources */,
			);
			buildRules = (
			);
			dependencies = (
				B0F53C8818F501C40028C4C6 /* PBXTargetDependency */,
			);
			name = MYTableViewManagerTests;
			productName = MYTableViewManagerTests;
			productReference = B0F53C8218F501C40028C4C6 /* MYTableViewManagerTests.xctest */;
			productType = "com.apple.product-type.bundle.unit-test";
		};
/* End PBXNativeTarget section */

/* Begin PBXProject section */
		B0F53C5918F501C40028C4C6 /* Project object */ = {
			isa = PBXProject;
			attributes = {
				LastUpgradeCheck = 0510;
				ORGANIZATIONNAME = Melvin;
				TargetAttributes = {
					B0F53C8118F501C40028C4C6 = {
						TestTargetID = B0F53C6018F501C40028C4C6;
					};
				};
			};
			buildConfigurationList = B0F53C5C18F501C40028C4C6 /* Build configuration list for PBXProject "MYTableViewManager" */;
			compatibilityVersion = "Xcode 3.2";
			developmentRegion = English;
			hasScannedForEncodings = 0;
			knownRegions = (
				en,
				Base,
			);
			mainGroup = B0F53C5818F501C40028C4C6;
			productRefGroup = B0F53C6218F501C40028C4C6 /* Products */;
			projectDirPath = "";
			projectRoot = "";
			targets = (
				B0F53C6018F501C40028C4C6 /* MYTableViewManager */,
				B0F53C8118F501C40028C4C6 /* MYTableViewManagerTests */,
			);
		};
/* End PBXProject section */

/* Begin PBXResourcesBuildPhase section */
		B0F53C5F18F501C40028C4C6 /* Resources */ = {
			isa = PBXResourcesBuildPhase;
			buildActionMask = 2147483647;
			files = (
				B0F53C7D18F501C40028C4C6 /* Images.xcassets in Resources */,
				B0F53C6F18F501C40028C4C6 /* InfoPlist.strings in Resources */,
				B0F53C7818F501C40028C4C6 /* Main.storyboard in Resources */,
			);
			runOnlyForDeploymentPostprocessing = 0;
		};
		B0F53C8018F501C40028C4C6 /* Resources */ = {
			isa = PBXResourcesBuildPhase;
			buildActionMask = 2147483647;
			files = (
				B0F53C8E18F501C40028C4C6 /* InfoPlist.strings in Resources */,
			);
			runOnlyForDeploymentPostprocessing = 0;
		};
/* End PBXResourcesBuildPhase section */

/* Begin PBXSourcesBuildPhase section */
		B0F53C5D18F501C40028C4C6 /* Sources */ = {
			isa = PBXSourcesBuildPhase;
			buildActionMask = 2147483647;
			files = (
				B0F53C7B18F501C40028C4C6 /* ViewController.m in Sources */,
				B0F53C7518F501C40028C4C6 /* AppDelegate.m in Sources */,
				B0F53C7118F501C40028C4C6 /* main.m in Sources */,
			);
			runOnlyForDeploymentPostprocessing = 0;
		};
		B0F53C7E18F501C40028C4C6 /* Sources */ = {
			isa = PBXSourcesBuildPhase;
			buildActionMask = 2147483647;
			files = (
				B0F53C9018F501C40028C4C6 /* MYTableViewManagerTests.m in Sources */,
			);
			runOnlyForDeploymentPostprocessing = 0;
		};
/* End PBXSourcesBuildPhase section */

/* Begin PBXTargetDependency section */
		B0F53C8818F501C40028C4C6 /* PBXTargetDependency */ = {
			isa = PBXTargetDependency;
			target = B0F53C6018F501C40028C4C6 /* MYTableViewManager */;
			targetProxy = B0F53C8718F501C40028C4C6 /* PBXContainerItemProxy */;
		};
/* End PBXTargetDependency section */

/* Begin PBXVariantGroup section */
		B0F53C6D18F501C40028C4C6 /* InfoPlist.strings */ = {
			isa = PBXVariantGroup;
			children = (
				B0F53C6E18F501C40028C4C6 /* en */,
			);
			name = InfoPlist.strings;
			sourceTree = "<group>";
		};
		B0F53C7618F501C40028C4C6 /* Main.storyboard */ = {
			isa = PBXVariantGroup;
			children = (
				B0F53C7718F501C40028C4C6 /* Base */,
			);
			name = Main.storyboard;
			sourceTree = "<group>";
		};
		B0F53C8C18F501C40028C4C6 /* InfoPlist.strings */ = {
			isa = PBXVariantGroup;
			children = (
				B0F53C8D18F501C40028C4C6 /* en */,
			);
			name = InfoPlist.strings;
			sourceTree = "<group>";
		};
/* End PBXVariantGroup section */

/* Begin XCBuildConfiguration section */
		B0F53C9118F501C40028C4C6 /* Debug */ = {
			isa = XCBuildConfiguration;
			buildSettings = {
				ALWAYS_SEARCH_USER_PATHS = NO;
				CLANG_CXX_LANGUAGE_STANDARD = "gnu++0x";
				CLANG_CXX_LIBRARY = "libc++";
				CLANG_ENABLE_MODULES = YES;
				CLANG_ENABLE_OBJC_ARC = YES;
				CLANG_WARN_BOOL_CONVERSION = YES;
				CLANG_WARN_CONSTANT_CONVERSION = YES;
				CLANG_WARN_DIRECT_OBJC_ISA_USAGE = YES_ERROR;
				CLANG_WARN_EMPTY_BODY = YES;
				CLANG_WARN_ENUM_CONVERSION = YES;
				CLANG_WARN_INT_CONVERSION = YES;
				CLANG_WARN_OBJC_ROOT_CLASS = YES_ERROR;
				CLANG_WARN__DUPLICATE_METHOD_MATCH = YES;
				"CODE_SIGN_IDENTITY[sdk=iphoneos*]" = "iPhone Developer";
				COPY_PHASE_STRIP = NO;
				GCC_C_LANGUAGE_STANDARD = gnu99;
				GCC_DYNAMIC_NO_PIC = NO;
				GCC_OPTIMIZATION_LEVEL = 0;
				GCC_PREPROCESSOR_DEFINITIONS = (
					"DEBUG=1",
					"$(inherited)",
				);
				GCC_SYMBOLS_PRIVATE_EXTERN = NO;
				GCC_WARN_64_TO_32_BIT_CONVERSION = YES;
				GCC_WARN_ABOUT_RETURN_TYPE = YES_ERROR;
				GCC_WARN_UNDECLARED_SELECTOR = YES;
				GCC_WARN_UNINITIALIZED_AUTOS = YES_AGGRESSIVE;
				GCC_WARN_UNUSED_FUNCTION = YES;
				GCC_WARN_UNUSED_VARIABLE = YES;
				IPHONEOS_DEPLOYMENT_TARGET = 6.0;
				ONLY_ACTIVE_ARCH = YES;
				SDKROOT = iphoneos;
			};
			name = Debug;
		};
		B0F53C9218F501C40028C4C6 /* Release */ = {
			isa = XCBuildConfiguration;
			buildSettings = {
				ALWAYS_SEARCH_USER_PATHS = NO;
				CLANG_CXX_LANGUAGE_STANDARD = "gnu++0x";
				CLANG_CXX_LIBRARY = "libc++";
				CLANG_ENABLE_MODULES = YES;
				CLANG_ENABLE_OBJC_ARC = YES;
				CLANG_WARN_BOOL_CONVERSION = YES;
				CLANG_WARN_CONSTANT_CONVERSION = YES;
				CLANG_WARN_DIRECT_OBJC_ISA_USAGE = YES_ERROR;
				CLANG_WARN_EMPTY_BODY = YES;
				CLANG_WARN_ENUM_CONVERSION = YES;
				CLANG_WARN_INT_CONVERSION = YES;
				CLANG_WARN_OBJC_ROOT_CLASS = YES_ERROR;
				CLANG_WARN__DUPLICATE_METHOD_MATCH = YES;
				"CODE_SIGN_IDENTITY[sdk=iphoneos*]" = "iPhone Developer";
				COPY_PHASE_STRIP = YES;
				ENABLE_NS_ASSERTIONS = NO;
				GCC_C_LANGUAGE_STANDARD = gnu99;
				GCC_WARN_64_TO_32_BIT_CONVERSION = YES;
				GCC_WARN_ABOUT_RETURN_TYPE = YES_ERROR;
				GCC_WARN_UNDECLARED_SELECTOR = YES;
				GCC_WARN_UNINITIALIZED_AUTOS = YES_AGGRESSIVE;
				GCC_WARN_UNUSED_FUNCTION = YES;
				GCC_WARN_UNUSED_VARIABLE = YES;
				IPHONEOS_DEPLOYMENT_TARGET = 6.0;
				SDKROOT = iphoneos;
				VALIDATE_PRODUCT = YES;
			};
			name = Release;
		};
		B0F53C9418F501C40028C4C6 /* Debug */ = {
			isa = XCBuildConfiguration;
			buildSettings = {
				ASSETCATALOG_COMPILER_APPICON_NAME = AppIcon;
				ASSETCATALOG_COMPILER_LAUNCHIMAGE_NAME = LaunchImage;
				GCC_PRECOMPILE_PREFIX_HEADER = YES;
				GCC_PREFIX_HEADER = "MYTableViewManager/MYTableViewManager-Prefix.pch";
				INFOPLIST_FILE = "MYTableViewManager/MYTableViewManager-Info.plist";
				PRODUCT_NAME = "$(TARGET_NAME)";
				WRAPPER_EXTENSION = app;
			};
			name = Debug;
		};
		B0F53C9518F501C40028C4C6 /* Release */ = {
			isa = XCBuildConfiguration;
			buildSettings = {
				ASSETCATALOG_COMPILER_APPICON_NAME = AppIcon;
				ASSETCATALOG_COMPILER_LAUNCHIMAGE_NAME = LaunchImage;
				GCC_PRECOMPILE_PREFIX_HEADER = YES;
				GCC_PREFIX_HEADER = "MYTableViewManager/MYTableViewManager-Prefix.pch";
				INFOPLIST_FILE = "MYTableViewManager/MYTableViewManager-Info.plist";
				PRODUCT_NAME = "$(TARGET_NAME)";
				WRAPPER_EXTENSION = app;
			};
			name = Release;
		};
		B0F53C9718F501C40028C4C6 /* Debug */ = {
			isa = XCBuildConfiguration;
			buildSettings = {
				BUNDLE_LOADER = "$(BUILT_PRODUCTS_DIR)/MYTableViewManager.app/MYTableViewManager";
				FRAMEWORK_SEARCH_PATHS = (
					"$(SDKROOT)/Developer/Library/Frameworks",
					"$(inherited)",
					"$(DEVELOPER_FRAMEWORKS_DIR)",
				);
				GCC_PRECOMPILE_PREFIX_HEADER = YES;
				GCC_PREFIX_HEADER = "MYTableViewManager/MYTableViewManager-Prefix.pch";
				GCC_PREPROCESSOR_DEFINITIONS = (
					"DEBUG=1",
					"$(inherited)",
				);
				INFOPLIST_FILE = "MYTableViewManagerTests/MYTableViewManagerTests-Info.plist";
				PRODUCT_NAME = "$(TARGET_NAME)";
				TEST_HOST = "$(BUNDLE_LOADER)";
				WRAPPER_EXTENSION = xctest;
			};
			name = Debug;
		};
		B0F53C9818F501C40028C4C6 /* Release */ = {
			isa = XCBuildConfiguration;
			buildSettings = {
				BUNDLE_LOADER = "$(BUILT_PRODUCTS_DIR)/MYTableViewManager.app/MYTableViewManager";
				FRAMEWORK_SEARCH_PATHS = (
					"$(SDKROOT)/Developer/Library/Frameworks",
					"$(inherited)",
					"$(DEVELOPER_FRAMEWORKS_DIR)",
				);
				GCC_PRECOMPILE_PREFIX_HEADER = YES;
				GCC_PREFIX_HEADER = "MYTableViewManager/MYTableViewManager-Prefix.pch";
				INFOPLIST_FILE = "MYTableViewManagerTests/MYTableViewManagerTests-Info.plist";
				PRODUCT_NAME = "$(TARGET_NAME)";
				TEST_HOST = "$(BUNDLE_LOADER)";
				WRAPPER_EXTENSION = xctest;
			};
			name = Release;
		};
/* End XCBuildConfiguration section */

/* Begin XCConfigurationList section */
		B0F53C5C18F501C40028C4C6 /* Build configuration list for PBXProject "MYTableViewManager" */ = {
			isa = XCConfigurationList;
			buildConfigurations = (
				B0F53C9118F501C40028C4C6 /* Debug */,
				B0F53C9218F501C40028C4C6 /* Release */,
			);
			defaultConfigurationIsVisible = 0;
			defaultConfigurationName = Release;
		};
		B0F53C9318F501C40028C4C6 /* Build configuration list for PBXNativeTarget "MYTableViewManager" */ = {
			isa = XCConfigurationList;
			buildConfigurations = (
				B0F53C9418F501C40028C4C6 /* Debug */,
				B0F53C9518F501C40028C4C6 /* Release */,
			);
			defaultConfigurationIsVisible = 0;
		};
		B0F53C9618F501C40028C4C6 /* Build configuration list for PBXNativeTarget "MYTableViewManagerTests" */ = {
			isa = XCConfigurationList;
			buildConfigurations = (
				B0F53C9718F501C40028C4C6 /* Debug */,
				B0F53C9818F501C40028C4C6 /* Release */,
			);
			defaultConfigurationIsVisible = 0;
		};
/* End XCConfigurationList section */
	};
	rootObject = B0F53C5918F501C40028C4C6 /* Project object */;
}
